
Microsoft Visual Studio Solution File, Format Version 12.00
# Visual Studio Version 16
VisualStudioVersion = 16.0.31410.357
MinimumVisualStudioVersion = 10.0.40219.1
Project("{FAE04EC0-301F-11D3-BF4B-00C04F79EFBC}") = "encryptionTool", "encryptionTool\encryptionTool.csproj", "{29D1CE52-5918-4820-9EAE-78FBFC91C1F3}"
EndProject
Global
	GlobalSection(SolutionConfigurationPlatforms) = preSolution
		Debug|Any CPU = Debug|Any CPU
		Release|Any CPU = Release|Any CPU
	EndGlobalSection
	GlobalSection(ProjectConfigurationPlatforms) = postSolution
		{29D1CE52-5918-4820-9EAE-78FBFC91C1F3}.Debug|Any CPU.ActiveCfg = Debug|Any CPU
		{29D1CE52-5918-4820-9EAE-78FBFC91C1F3}.Debug|Any CPU.Build.0 = Debug|Any CPU
		{29D1CE52-5918-4820-9EAE-78FBFC91C1F3}.Release|Any CPU.ActiveCfg = Release|Any CPU
		{29D1CE52-5918-4820-9EAE-78FBFC91C1F3}.Release|Any CPU.Build.0 = Release|Any CPU
	EndGlobalSection
	GlobalSection(SolutionProperties) = preSolution
		HideSolutionNode = FALSE
	EndGlobalSection
	GlobalSection(ExtensibilityGlobals) = postSolution
		SolutionGuid = {BEDCB8EB-A4EB-4643-A671-EC36FB3E93D1}
	EndGlobalSection
EndGlobal
